// !$*UTF8*$!
{
	archiveVersion = 1;
	classes = {
	};
	objectVersion = 46;
	objects = {

/* Begin PBXBuildFile section */
		910543521CB591C4003CCB20 /* SpingFlowLayout.m in Sources */ = {isa = PBXBuildFile; fileRef = 910543511CB591C4003CCB20 /* SpingFlowLayout.m */; };
		910543551CB59952003CCB20 /* THSpringyFlowLayout.m in Sources */ = {isa = PBXBuildFile; fileRef = 910543541CB59952003CCB20 /* THSpringyFlowLayout.m */; };
		910543581CB5EBF0003CCB20 /* StretchyHeaderSpringyCollectionViewLayout.m in Sources */ = {isa = PBXBuildFile; fileRef = 910543571CB5EBF0003CCB20 /* StretchyHeaderSpringyCollectionViewLayout.m */; };
		9105435F1CB6F42B003CCB20 /* MyAPIs.swift in Sources */ = {isa = PBXBuildFile; fileRef = 9105435D1CB6F42B003CCB20 /* MyAPIs.swift */; };
		910543601CB6F42B003CCB20 /* MyNetwork.swift in Sources */ = {isa = PBXBuildFile; fileRef = 9105435E1CB6F42B003CCB20 /* MyNetwork.swift */; };
		910543691CB6F462003CCB20 /* ArrayExtension.swift in Sources */ = {isa = PBXBuildFile; fileRef = 910543611CB6F462003CCB20 /* ArrayExtension.swift */; };
		9105436A1CB6F462003CCB20 /* NSDateExtension.swift in Sources */ = {isa = PBXBuildFile; fileRef = 910543621CB6F462003CCB20 /* NSDateExtension.swift */; };
		9105436B1CB6F462003CCB20 /* NSDictionaryExtension.swift in Sources */ = {isa = PBXBuildFile; fileRef = 910543631CB6F462003CCB20 /* NSDictionaryExtension.swift */; };
		9105436C1CB6F462003CCB20 /* NSJSONSerializationExtension.swift in Sources */ = {isa = PBXBuildFile; fileRef = 910543641CB6F462003CCB20 /* NSJSONSerializationExtension.swift */; };
		9105436D1CB6F462003CCB20 /* UIAlertViewExtension.swift in Sources */ = {isa = PBXBuildFile; fileRef = 910543651CB6F462003CCB20 /* UIAlertViewExtension.swift */; };
		9105436E1CB6F462003CCB20 /* UIColorExtension.swift in Sources */ = {isa = PBXBuildFile; fileRef = 910543661CB6F462003CCB20 /* UIColorExtension.swift */; };
		9105436F1CB6F462003CCB20 /* UIImageExtension.swift in Sources */ = {isa = PBXBuildFile; fileRef = 910543671CB6F462003CCB20 /* UIImageExtension.swift */; };
		910543701CB6F462003CCB20 /* UIViewExtension.swift in Sources */ = {isa = PBXBuildFile; fileRef = 910543681CB6F462003CCB20 /* UIViewExtension.swift */; };
		910543741CB6FB09003CCB20 /* Book.swift in Sources */ = {isa = PBXBuildFile; fileRef = 910543731CB6FB09003CCB20 /* Book.swift */; };
		910543771CB71D89003CCB20 /* Row.swift in Sources */ = {isa = PBXBuildFile; fileRef = 910543761CB71D89003CCB20 /* Row.swift */; };
		910543791CB71E7C003CCB20 /* Category.swift in Sources */ = {isa = PBXBuildFile; fileRef = 910543781CB71E7C003CCB20 /* Category.swift */; };
		91790E951CAF2DD3009EFFFE /* BookCVCell.swift in Sources */ = {isa = PBXBuildFile; fileRef = 91790E931CAF2DD3009EFFFE /* BookCVCell.swift */; };
		91790E961CAF2DD3009EFFFE /* BookCVCell.xib in Resources */ = {isa = PBXBuildFile; fileRef = 91790E941CAF2DD3009EFFFE /* BookCVCell.xib */; };
		91790E981CAF4AC5009EFFFE /* CategoryHeaderView.swift in Sources */ = {isa = PBXBuildFile; fileRef = 91790E971CAF4AC5009EFFFE /* CategoryHeaderView.swift */; };
		91D4F3ED1CAEEEAE0036D0A3 /* AppDelegate.swift in Sources */ = {isa = PBXBuildFile; fileRef = 91D4F3EC1CAEEEAE0036D0A3 /* AppDelegate.swift */; };
		91D4F3EF1CAEEEAE0036D0A3 /* ViewController.swift in Sources */ = {isa = PBXBuildFile; fileRef = 91D4F3EE1CAEEEAE0036D0A3 /* ViewController.swift */; };
		91D4F3F21CAEEEAE0036D0A3 /* Main.storyboard in Resources */ = {isa = PBXBuildFile; fileRef = 91D4F3F01CAEEEAE0036D0A3 /* Main.storyboard */; };
		91D4F3F41CAEEEAE0036D0A3 /* Assets.xcassets in Resources */ = {isa = PBXBuildFile; fileRef = 91D4F3F31CAEEEAE0036D0A3 /* Assets.xcassets */; };
		91D4F3F71CAEEEAE0036D0A3 /* LaunchScreen.storyboard in Resources */ = {isa = PBXBuildFile; fileRef = 91D4F3F51CAEEEAE0036D0A3 /* LaunchScreen.storyboard */; };
		91D4F4021CAEEEAE0036D0A3 /* CollectionViewDynamicLoadingCellsTests.swift in Sources */ = {isa = PBXBuildFile; fileRef = 91D4F4011CAEEEAE0036D0A3 /* CollectionViewDynamicLoadingCellsTests.swift */; };
		91D4F40D1CAEEEAE0036D0A3 /* CollectionViewDynamicLoadingCellsUITests.swift in Sources */ = {isa = PBXBuildFile; fileRef = 91D4F40C1CAEEEAE0036D0A3 /* CollectionViewDynamicLoadingCellsUITests.swift */; };
		91D4F41C1CAEF33F0036D0A3 /* RowCollectionViewCell.swift in Sources */ = {isa = PBXBuildFile; fileRef = 91D4F41A1CAEF33F0036D0A3 /* RowCollectionViewCell.swift */; };
		91D4F41D1CAEF33F0036D0A3 /* RowCollectionViewCell.xib in Resources */ = {isa = PBXBuildFile; fileRef = 91D4F41B1CAEF33F0036D0A3 /* RowCollectionViewCell.xib */; };
		91D4F4201CAEF7600036D0A3 /* LoadingCVCell.swift in Sources */ = {isa = PBXBuildFile; fileRef = 91D4F41E1CAEF7600036D0A3 /* LoadingCVCell.swift */; };
		91D4F4211CAEF7600036D0A3 /* LoadingCVCell.xib in Resources */ = {isa = PBXBuildFile; fileRef = 91D4F41F1CAEF7600036D0A3 /* LoadingCVCell.xib */; };
/* End PBXBuildFile section */

/* Begin PBXContainerItemProxy section */
		91D4F3FE1CAEEEAE0036D0A3 /* PBXContainerItemProxy */ = {
			isa = PBXContainerItemProxy;
			containerPortal = 91D4F3E11CAEEEAE0036D0A3 /* Project object */;
			proxyType = 1;
			remoteGlobalIDString = 91D4F3E81CAEEEAE0036D0A3;
			remoteInfo = CollectionViewDynamicLoadingCells;
		};
		91D4F4091CAEEEAE0036D0A3 /* PBXContainerItemProxy */ = {
			isa = PBXContainerItemProxy;
			containerPortal = 91D4F3E11CAEEEAE0036D0A3 /* Project object */;
			proxyType = 1;
			remoteGlobalIDString = 91D4F3E81CAEEEAE0036D0A3;
			remoteInfo = CollectionViewDynamicLoadingCells;
		};
/* End PBXContainerItemProxy section */

/* Begin PBXFileReference section */
		9105434F1CB591C4003CCB20 /* CollectionViewDynamicLoadingCells-Bridging-Header.h */ = {isa = PBXFileReference; lastKnownFileType = sourcecode.c.h; path = "CollectionViewDynamicLoadingCells-Bridging-Header.h"; sourceTree = "<group>"; };
		910543501CB591C4003CCB20 /* SpingFlowLayout.h */ = {isa = PBXFileReference; fileEncoding = 4; lastKnownFileType = sourcecode.c.h; path = SpingFlowLayout.h; sourceTree = "<group>"; };
		910543511CB591C4003CCB20 /* SpingFlowLayout.m */ = {isa = PBXFileReference; fileEncoding = 4; lastKnownFileType = sourcecode.c.objc; path = SpingFlowLayout.m; sourceTree = "<group>"; };
		910543531CB59952003CCB20 /* THSpringyFlowLayout.h */ = {isa = PBXFileReference; fileEncoding = 4; lastKnownFileType = sourcecode.c.h; path = THSpringyFlowLayout.h; sourceTree = "<group>"; };
		910543541CB59952003CCB20 /* THSpringyFlowLayout.m */ = {isa = PBXFileReference; fileEncoding = 4; lastKnownFileType = sourcecode.c.objc; path = THSpringyFlowLayout.m; sourceTree = "<group>"; };
		910543561CB5EBF0003CCB20 /* StretchyHeaderSpringyCollectionViewLayout.h */ = {isa = PBXFileReference; fileEncoding = 4; lastKnownFileType = sourcecode.c.h; path = StretchyHeaderSpringyCollectionViewLayout.h; sourceTree = "<group>"; };
		910543571CB5EBF0003CCB20 /* StretchyHeaderSpringyCollectionViewLayout.m */ = {isa = PBXFileReference; fileEncoding = 4; lastKnownFileType = sourcecode.c.objc; path = StretchyHeaderSpringyCollectionViewLayout.m; sourceTree = "<group>"; };
		9105435D1CB6F42B003CCB20 /* MyAPIs.swift */ = {isa = PBXFileReference; fileEncoding = 4; lastKnownFileType = sourcecode.swift; path = MyAPIs.swift; sourceTree = "<group>"; };
		9105435E1CB6F42B003CCB20 /* MyNetwork.swift */ = {isa = PBXFileReference; fileEncoding = 4; lastKnownFileType = sourcecode.swift; path = MyNetwork.swift; sourceTree = "<group>"; };
		910543611CB6F462003CCB20 /* ArrayExtension.swift */ = {isa = PBXFileReference; fileEncoding = 4; lastKnownFileType = sourcecode.swift; path = ArrayExtension.swift; sourceTree = "<group>"; };
		910543621CB6F462003CCB20 /* NSDateExtension.swift */ = {isa = PBXFileReference; fileEncoding = 4; lastKnownFileType = sourcecode.swift; path = NSDateExtension.swift; sourceTree = "<group>"; };
		910543631CB6F462003CCB20 /* NSDictionaryExtension.swift */ = {isa = PBXFileReference; fileEncoding = 4; lastKnownFileType = sourcecode.swift; path = NSDictionaryExtension.swift; sourceTree = "<group>"; };
		910543641CB6F462003CCB20 /* NSJSONSerializationExtension.swift */ = {isa = PBXFileReference; fileEncoding = 4; lastKnownFileType = sourcecode.swift; path = NSJSONSerializationExtension.swift; sourceTree = "<group>"; };
		910543651CB6F462003CCB20 /* UIAlertViewExtension.swift */ = {isa = PBXFileReference; fileEncoding = 4; lastKnownFileType = sourcecode.swift; path = UIAlertViewExtension.swift; sourceTree = "<group>"; };
		910543661CB6F462003CCB20 /* UIColorExtension.swift */ = {isa = PBXFileReference; fileEncoding = 4; lastKnownFileType = sourcecode.swift; path = UIColorExtension.swift; sourceTree = "<group>"; };
		910543671CB6F462003CCB20 /* UIImageExtension.swift */ = {isa = PBXFileReference; fileEncoding = 4; lastKnownFileType = sourcecode.swift; path = UIImageExtension.swift; sourceTree = "<group>"; };
		910543681CB6F462003CCB20 /* UIViewExtension.swift */ = {isa = PBXFileReference; fileEncoding = 4; lastKnownFileType = sourcecode.swift; path = UIViewExtension.swift; sourceTree = "<group>"; };
		910543731CB6FB09003CCB20 /* Book.swift */ = {isa = PBXFileReference; fileEncoding = 4; lastKnownFileType = sourcecode.swift; path = Book.swift; sourceTree = "<group>"; };
		910543761CB71D89003CCB20 /* Row.swift */ = {isa = PBXFileReference; fileEncoding = 4; lastKnownFileType = sourcecode.swift; path = Row.swift; sourceTree = "<group>"; };
		910543781CB71E7C003CCB20 /* Category.swift */ = {isa = PBXFileReference; fileEncoding = 4; lastKnownFileType = sourcecode.swift; path = Category.swift; sourceTree = "<group>"; };
		91790E931CAF2DD3009EFFFE /* BookCVCell.swift */ = {isa = PBXFileReference; fileEncoding = 4; lastKnownFileType = sourcecode.swift; path = BookCVCell.swift; sourceTree = "<group>"; };
		91790E941CAF2DD3009EFFFE /* BookCVCell.xib */ = {isa = PBXFileReference; fileEncoding = 4; lastKnownFileType = file.xib; path = BookCVCell.xib; sourceTree = "<group>"; };
		91790E971CAF4AC5009EFFFE /* CategoryHeaderView.swift */ = {isa = PBXFileReference; fileEncoding = 4; lastKnownFileType = sourcecode.swift; path = CategoryHeaderView.swift; sourceTree = "<group>"; };
		91D4F3E91CAEEEAE0036D0A3 /* CollectionViewDynamicLoadingCells.app */ = {isa = PBXFileReference; explicitFileType = wrapper.application; includeInIndex = 0; path = CollectionViewDynamicLoadingCells.app; sourceTree = BUILT_PRODUCTS_DIR; };
		91D4F3EC1CAEEEAE0036D0A3 /* AppDelegate.swift */ = {isa = PBXFileReference; lastKnownFileType = sourcecode.swift; path = AppDelegate.swift; sourceTree = "<group>"; };
		91D4F3EE1CAEEEAE0036D0A3 /* ViewController.swift */ = {isa = PBXFileReference; lastKnownFileType = sourcecode.swift; path = ViewController.swift; sourceTree = "<group>"; };
		91D4F3F11CAEEEAE0036D0A3 /* Base */ = {isa = PBXFileReference; lastKnownFileType = file.storyboard; name = Base; path = Base.lproj/Main.storyboard; sourceTree = "<group>"; };
		91D4F3F31CAEEEAE0036D0A3 /* Assets.xcassets */ = {isa = PBXFileReference; lastKnownFileType = folder.assetcatalog; path = Assets.xcassets; sourceTree = "<group>"; };
		91D4F3F61CAEEEAE0036D0A3 /* Base */ = {isa = PBXFileReference; lastKnownFileType = file.storyboard; name = Base; path = Base.lproj/LaunchScreen.storyboard; sourceTree = "<group>"; };
		91D4F3F81CAEEEAE0036D0A3 /* Info.plist */ = {isa = PBXFileReference; lastKnownFileType = text.plist.xml; path = Info.plist; sourceTree = "<group>"; };
		91D4F3FD1CAEEEAE0036D0A3 /* CollectionViewDynamicLoadingCellsTests.xctest */ = {isa = PBXFileReference; explicitFileType = wrapper.cfbundle; includeInIndex = 0; path = CollectionViewDynamicLoadingCellsTests.xctest; sourceTree = BUILT_PRODUCTS_DIR; };
		91D4F4011CAEEEAE0036D0A3 /* CollectionViewDynamicLoadingCellsTests.swift */ = {isa = PBXFileReference; lastKnownFileType = sourcecode.swift; path = CollectionViewDynamicLoadingCellsTests.swift; sourceTree = "<group>"; };
		91D4F4031CAEEEAE0036D0A3 /* Info.plist */ = {isa = PBXFileReference; lastKnownFileType = text.plist.xml; path = Info.plist; sourceTree = "<group>"; };
		91D4F4081CAEEEAE0036D0A3 /* CollectionViewDynamicLoadingCellsUITests.xctest */ = {isa = PBXFileReference; explicitFileType = wrapper.cfbundle; includeInIndex = 0; path = CollectionViewDynamicLoadingCellsUITests.xctest; sourceTree = BUILT_PRODUCTS_DIR; };
		91D4F40C1CAEEEAE0036D0A3 /* CollectionViewDynamicLoadingCellsUITests.swift */ = {isa = PBXFileReference; lastKnownFileType = sourcecode.swift; path = CollectionViewDynamicLoadingCellsUITests.swift; sourceTree = "<group>"; };
		91D4F40E1CAEEEAE0036D0A3 /* Info.plist */ = {isa = PBXFileReference; lastKnownFileType = text.plist.xml; path = Info.plist; sourceTree = "<group>"; };
		91D4F41A1CAEF33F0036D0A3 /* RowCollectionViewCell.swift */ = {isa = PBXFileReference; fileEncoding = 4; lastKnownFileType = sourcecode.swift; path = RowCollectionViewCell.swift; sourceTree = "<group>"; };
		91D4F41B1CAEF33F0036D0A3 /* RowCollectionViewCell.xib */ = {isa = PBXFileReference; fileEncoding = 4; lastKnownFileType = file.xib; path = RowCollectionViewCell.xib; sourceTree = "<group>"; };
		91D4F41E1CAEF7600036D0A3 /* LoadingCVCell.swift */ = {isa = PBXFileReference; fileEncoding = 4; lastKnownFileType = sourcecode.swift; path = LoadingCVCell.swift; sourceTree = "<group>"; };
		91D4F41F1CAEF7600036D0A3 /* LoadingCVCell.xib */ = {isa = PBXFileReference; fileEncoding = 4; lastKnownFileType = file.xib; path = LoadingCVCell.xib; sourceTree = "<group>"; };
/* End PBXFileReference section */

/* Begin PBXFrameworksBuildPhase section */
		91D4F3E61CAEEEAE0036D0A3 /* Frameworks */ = {
			isa = PBXFrameworksBuildPhase;
			buildActionMask = 2147483647;
			files = (
			);
			runOnlyForDeploymentPostprocessing = 0;
		};
		91D4F3FA1CAEEEAE0036D0A3 /* Frameworks */ = {
			isa = PBXFrameworksBuildPhase;
			buildActionMask = 2147483647;
			files = (
			);
			runOnlyForDeploymentPostprocessing = 0;
		};
		91D4F4051CAEEEAE0036D0A3 /* Frameworks */ = {
			isa = PBXFrameworksBuildPhase;
			buildActionMask = 2147483647;
			files = (
			);
			runOnlyForDeploymentPostprocessing = 0;
		};
/* End PBXFrameworksBuildPhase section */

/* Begin PBXGroup section */
		9105435B1CB6F36E003CCB20 /* SpringyStuff */ = {
			isa = PBXGroup;
			children = (
				910543501CB591C4003CCB20 /* SpingFlowLayout.h */,
				910543511CB591C4003CCB20 /* SpingFlowLayout.m */,
				910543531CB59952003CCB20 /* THSpringyFlowLayout.h */,
				910543541CB59952003CCB20 /* THSpringyFlowLayout.m */,
				910543561CB5EBF0003CCB20 /* StretchyHeaderSpringyCollectionViewLayout.h */,
				910543571CB5EBF0003CCB20 /* StretchyHeaderSpringyCollectionViewLayout.m */,
			);
			name = SpringyStuff;
			sourceTree = "<group>";
		};
		9105435C1CB6F385003CCB20 /* CustomViews/Cells */ = {
			isa = PBXGroup;
			children = (
				91D4F41A1CAEF33F0036D0A3 /* RowCollectionViewCell.swift */,
				91D4F41B1CAEF33F0036D0A3 /* RowCollectionViewCell.xib */,
				91D4F41E1CAEF7600036D0A3 /* LoadingCVCell.swift */,
				91D4F41F1CAEF7600036D0A3 /* LoadingCVCell.xib */,
				91790E931CAF2DD3009EFFFE /* BookCVCell.swift */,
				91790E941CAF2DD3009EFFFE /* BookCVCell.xib */,
				91790E971CAF4AC5009EFFFE /* CategoryHeaderView.swift */,
			);
			name = CustomViews/Cells;
			sourceTree = "<group>";
		};
		910543711CB6F464003CCB20 /* Extensions */ = {
			isa = PBXGroup;
			children = (
				910543611CB6F462003CCB20 /* ArrayExtension.swift */,
				910543621CB6F462003CCB20 /* NSDateExtension.swift */,
				910543631CB6F462003CCB20 /* NSDictionaryExtension.swift */,
				910543641CB6F462003CCB20 /* NSJSONSerializationExtension.swift */,
				910543651CB6F462003CCB20 /* UIAlertViewExtension.swift */,
				910543661CB6F462003CCB20 /* UIColorExtension.swift */,
				910543671CB6F462003CCB20 /* UIImageExtension.swift */,
				910543681CB6F462003CCB20 /* UIViewExtension.swift */,
			);
			name = Extensions;
			sourceTree = "<group>";
		};
		910543721CB6F475003CCB20 /* Network */ = {
			isa = PBXGroup;
			children = (
				9105435D1CB6F42B003CCB20 /* MyAPIs.swift */,
				9105435E1CB6F42B003CCB20 /* MyNetwork.swift */,
			);
			name = Network;
			sourceTree = "<group>";
		};
		910543751CB71D6B003CCB20 /* Model */ = {
			isa = PBXGroup;
			children = (
				910543731CB6FB09003CCB20 /* Book.swift */,
				910543761CB71D89003CCB20 /* Row.swift */,
				910543781CB71E7C003CCB20 /* Category.swift */,
			);
			name = Model;
			sourceTree = "<group>";
		};
		91D4F3E01CAEEEAE0036D0A3 = {
			isa = PBXGroup;
			children = (
				91D4F3EB1CAEEEAE0036D0A3 /* CollectionViewDynamicLoadingCells */,
				91D4F4001CAEEEAE0036D0A3 /* CollectionViewDynamicLoadingCellsTests */,
				91D4F40B1CAEEEAE0036D0A3 /* CollectionViewDynamicLoadingCellsUITests */,
				91D4F3EA1CAEEEAE0036D0A3 /* Products */,
			);
			sourceTree = "<group>";
		};
		91D4F3EA1CAEEEAE0036D0A3 /* Products */ = {
			isa = PBXGroup;
			children = (
				91D4F3E91CAEEEAE0036D0A3 /* CollectionViewDynamicLoadingCells.app */,
				91D4F3FD1CAEEEAE0036D0A3 /* CollectionViewDynamicLoadingCellsTests.xctest */,
				91D4F4081CAEEEAE0036D0A3 /* CollectionViewDynamicLoadingCellsUITests.xctest */,
			);
			name = Products;
			sourceTree = "<group>";
		};
		91D4F3EB1CAEEEAE0036D0A3 /* CollectionViewDynamicLoadingCells */ = {
			isa = PBXGroup;
			children = (
				910543751CB71D6B003CCB20 /* Model */,
				910543721CB6F475003CCB20 /* Network */,
				910543711CB6F464003CCB20 /* Extensions */,
				9105435C1CB6F385003CCB20 /* CustomViews/Cells */,
				9105435B1CB6F36E003CCB20 /* SpringyStuff */,
				91D4F3EC1CAEEEAE0036D0A3 /* AppDelegate.swift */,
				91D4F3EE1CAEEEAE0036D0A3 /* ViewController.swift */,
				91D4F3F01CAEEEAE0036D0A3 /* Main.storyboard */,
				91D4F3F31CAEEEAE0036D0A3 /* Assets.xcassets */,
				91D4F3F51CAEEEAE0036D0A3 /* LaunchScreen.storyboard */,
				91D4F3F81CAEEEAE0036D0A3 /* Info.plist */,
				9105434F1CB591C4003CCB20 /* CollectionViewDynamicLoadingCells-Bridging-Header.h */,
			);
			path = CollectionViewDynamicLoadingCells;
			sourceTree = "<group>";
		};
		91D4F4001CAEEEAE0036D0A3 /* CollectionViewDynamicLoadingCellsTests */ = {
			isa = PBXGroup;
			children = (
				91D4F4011CAEEEAE0036D0A3 /* CollectionViewDynamicLoadingCellsTests.swift */,
				91D4F4031CAEEEAE0036D0A3 /* Info.plist */,
			);
			path = CollectionViewDynamicLoadingCellsTests;
			sourceTree = "<group>";
		};
		91D4F40B1CAEEEAE0036D0A3 /* CollectionViewDynamicLoadingCellsUITests */ = {
			isa = PBXGroup;
			children = (
				91D4F40C1CAEEEAE0036D0A3 /* CollectionViewDynamicLoadingCellsUITests.swift */,
				91D4F40E1CAEEEAE0036D0A3 /* Info.plist */,
			);
			path = CollectionViewDynamicLoadingCellsUITests;
			sourceTree = "<group>";
		};
/* End PBXGroup section */

/* Begin PBXNativeTarget section */
		91D4F3E81CAEEEAE0036D0A3 /* CollectionViewDynamicLoadingCells */ = {
			isa = PBXNativeTarget;
			buildConfigurationList = 91D4F4111CAEEEAE0036D0A3 /* Build configuration list for PBXNativeTarget "CollectionViewDynamicLoadingCells" */;
			buildPhases = (
				91D4F3E51CAEEEAE0036D0A3 /* Sources */,
				91D4F3E61CAEEEAE0036D0A3 /* Frameworks */,
				91D4F3E71CAEEEAE0036D0A3 /* Resources */,
			);
			buildRules = (
			);
			dependencies = (
			);
			name = CollectionViewDynamicLoadingCells;
			productName = CollectionViewDynamicLoadingCells;
			productReference = 91D4F3E91CAEEEAE0036D0A3 /* CollectionViewDynamicLoadingCells.app */;
			productType = "com.apple.product-type.application";
		};
		91D4F3FC1CAEEEAE0036D0A3 /* CollectionViewDynamicLoadingCellsTests */ = {
			isa = PBXNativeTarget;
			buildConfigurationList = 91D4F4141CAEEEAE0036D0A3 /* Build configuration list for PBXNativeTarget "CollectionViewDynamicLoadingCellsTests" */;
			buildPhases = (
				91D4F3F91CAEEEAE0036D0A3 /* Sources */,
				91D4F3FA1CAEEEAE0036D0A3 /* Frameworks */,
				91D4F3FB1CAEEEAE0036D0A3 /* Resources */,
			);
			buildRules = (
			);
			dependencies = (
				91D4F3FF1CAEEEAE0036D0A3 /* PBXTargetDependency */,
			);
			name = CollectionViewDynamicLoadingCellsTests;
			productName = CollectionViewDynamicLoadingCellsTests;
			productReference = 91D4F3FD1CAEEEAE0036D0A3 /* CollectionViewDynamicLoadingCellsTests.xctest */;
			productType = "com.apple.product-type.bundle.unit-test";
		};
		91D4F4071CAEEEAE0036D0A3 /* CollectionViewDynamicLoadingCellsUITests */ = {
			isa = PBXNativeTarget;
			buildConfigurationList = 91D4F4171CAEEEAE0036D0A3 /* Build configuration list for PBXNativeTarget "CollectionViewDynamicLoadingCellsUITests" */;
			buildPhases = (
				91D4F4041CAEEEAE0036D0A3 /* Sources */,
				91D4F4051CAEEEAE0036D0A3 /* Frameworks */,
				91D4F4061CAEEEAE0036D0A3 /* Resources */,
			);
			buildRules = (
			);
			dependencies = (
				91D4F40A1CAEEEAE0036D0A3 /* PBXTargetDependency */,
			);
			name = CollectionViewDynamicLoadingCellsUITests;
			productName = CollectionViewDynamicLoadingCellsUITests;
			productReference = 91D4F4081CAEEEAE0036D0A3 /* CollectionViewDynamicLoadingCellsUITests.xctest */;
			productType = "com.apple.product-type.bundle.ui-testing";
		};
/* End PBXNativeTarget section */

/* Begin PBXProject section */
		91D4F3E11CAEEEAE0036D0A3 /* Project object */ = {
			isa = PBXProject;
			attributes = {
				LastSwiftUpdateCheck = 0730;
				LastUpgradeCheck = 0730;
				ORGANIZATIONNAME = "Manoj Vemula";
				TargetAttributes = {
					91D4F3E81CAEEEAE0036D0A3 = {
						CreatedOnToolsVersion = 7.3;
					};
					91D4F3FC1CAEEEAE0036D0A3 = {
						CreatedOnToolsVersion = 7.3;
						TestTargetID = 91D4F3E81CAEEEAE0036D0A3;
					};
					91D4F4071CAEEEAE0036D0A3 = {
						CreatedOnToolsVersion = 7.3;
						TestTargetID = 91D4F3E81CAEEEAE0036D0A3;
					};
				};
			};
			buildConfigurationList = 91D4F3E41CAEEEAE0036D0A3 /* Build configuration list for PBXProject "CollectionViewDynamicLoadingCells" */;
			compatibilityVersion = "Xcode 3.2";
			developmentRegion = English;
			hasScannedForEncodings = 0;
			knownRegions = (
				en,
				Base,
			);
			mainGroup = 91D4F3E01CAEEEAE0036D0A3;
			productRefGroup = 91D4F3EA1CAEEEAE0036D0A3 /* Products */;
			projectDirPath = "";
			projectRoot = "";
			targets = (
				91D4F3E81CAEEEAE0036D0A3 /* CollectionViewDynamicLoadingCells */,
				91D4F3FC1CAEEEAE0036D0A3 /* CollectionViewDynamicLoadingCellsTests */,
				91D4F4071CAEEEAE0036D0A3 /* CollectionViewDynamicLoadingCellsUITests */,
			);
		};
/* End PBXProject section */

/* Begin PBXResourcesBuildPhase section */
		91D4F3E71CAEEEAE0036D0A3 /* Resources */ = {
			isa = PBXResourcesBuildPhase;
			buildActionMask = 2147483647;
			files = (
				91D4F3F71CAEEEAE0036D0A3 /* LaunchScreen.storyboard in Resources */,
				91D4F4211CAEF7600036D0A3 /* LoadingCVCell.xib in Resources */,
				91D4F41D1CAEF33F0036D0A3 /* RowCollectionViewCell.xib in Resources */,
				91D4F3F41CAEEEAE0036D0A3 /* Assets.xcassets in Resources */,
				91D4F3F21CAEEEAE0036D0A3 /* Main.storyboard in Resources */,
				91790E961CAF2DD3009EFFFE /* BookCVCell.xib in Resources */,
			);
			runOnlyForDeploymentPostprocessing = 0;
		};
		91D4F3FB1CAEEEAE0036D0A3 /* Resources */ = {
			isa = PBXResourcesBuildPhase;
			buildActionMask = 2147483647;
			files = (
			);
			runOnlyForDeploymentPostprocessing = 0;
		};
		91D4F4061CAEEEAE0036D0A3 /* Resources */ = {
			isa = PBXResourcesBuildPhase;
			buildActionMask = 2147483647;
			files = (
			);
			runOnlyForDeploymentPostprocessing = 0;
		};
/* End PBXResourcesBuildPhase section */

/* Begin PBXSourcesBuildPhase section */
		91D4F3E51CAEEEAE0036D0A3 /* Sources */ = {
			isa = PBXSourcesBuildPhase;
			buildActionMask = 2147483647;
			files = (
				9105436E1CB6F462003CCB20 /* UIColorExtension.swift in Sources */,
				91D4F41C1CAEF33F0036D0A3 /* RowCollectionViewCell.swift in Sources */,
				91790E981CAF4AC5009EFFFE /* CategoryHeaderView.swift in Sources */,
				9105436B1CB6F462003CCB20 /* NSDictionaryExtension.swift in Sources */,
				9105436D1CB6F462003CCB20 /* UIAlertViewExtension.swift in Sources */,
				9105436F1CB6F462003CCB20 /* UIImageExtension.swift in Sources */,
				910543581CB5EBF0003CCB20 /* StretchyHeaderSpringyCollectionViewLayout.m in Sources */,
				910543691CB6F462003CCB20 /* ArrayExtension.swift in Sources */,
				910543741CB6FB09003CCB20 /* Book.swift in Sources */,
				910543521CB591C4003CCB20 /* SpingFlowLayout.m in Sources */,
				91D4F4201CAEF7600036D0A3 /* LoadingCVCell.swift in Sources */,
				91D4F3EF1CAEEEAE0036D0A3 /* ViewController.swift in Sources */,
				9105435F1CB6F42B003CCB20 /* MyAPIs.swift in Sources */,
				910543601CB6F42B003CCB20 /* MyNetwork.swift in Sources */,
				910543701CB6F462003CCB20 /* UIViewExtension.swift in Sources */,
				91790E951CAF2DD3009EFFFE /* BookCVCell.swift in Sources */,
				9105436A1CB6F462003CCB20 /* NSDateExtension.swift in Sources */,
				910543551CB59952003CCB20 /* THSpringyFlowLayout.m in Sources */,
				9105436C1CB6F462003CCB20 /* NSJSONSerializationExtension.swift in Sources */,
				910543771CB71D89003CCB20 /* Row.swift in Sources */,
				91D4F3ED1CAEEEAE0036D0A3 /* AppDelegate.swift in Sources */,
				910543791CB71E7C003CCB20 /* Category.swift in Sources */,
			);
			runOnlyForDeploymentPostprocessing = 0;
		};
		91D4F3F91CAEEEAE0036D0A3 /* Sources */ = {
			isa = PBXSourcesBuildPhase;
			buildActionMask = 2147483647;
			files = (
				91D4F4021CAEEEAE0036D0A3 /* CollectionViewDynamicLoadingCellsTests.swift in Sources */,
			);
			runOnlyForDeploymentPostprocessing = 0;
		};
		91D4F4041CAEEEAE0036D0A3 /* Sources */ = {
			isa = PBXSourcesBuildPhase;
			buildActionMask = 2147483647;
			files = (
				91D4F40D1CAEEEAE0036D0A3 /* CollectionViewDynamicLoadingCellsUITests.swift in Sources */,
			);
			runOnlyForDeploymentPostprocessing = 0;
		};
/* End PBXSourcesBuildPhase section */

/* Begin PBXTargetDependency section */
		91D4F3FF1CAEEEAE0036D0A3 /* PBXTargetDependency */ = {
			isa = PBXTargetDependency;
			target = 91D4F3E81CAEEEAE0036D0A3 /* CollectionViewDynamicLoadingCells */;
			targetProxy = 91D4F3FE1CAEEEAE0036D0A3 /* PBXContainerItemProxy */;
		};
		91D4F40A1CAEEEAE0036D0A3 /* PBXTargetDependency */ = {
			isa = PBXTargetDependency;
			target = 91D4F3E81CAEEEAE0036D0A3 /* CollectionViewDynamicLoadingCells */;
			targetProxy = 91D4F4091CAEEEAE0036D0A3 /* PBXContainerItemProxy */;
		};
/* End PBXTargetDependency section */

/* Begin PBXVariantGroup section */
		91D4F3F01CAEEEAE0036D0A3 /* Main.storyboard */ = {
			isa = PBXVariantGroup;
			children = (
				91D4F3F11CAEEEAE0036D0A3 /* Base */,
			);
			name = Main.storyboard;
			sourceTree = "<group>";
		};
		91D4F3F51CAEEEAE0036D0A3 /* LaunchScreen.storyboard */ = {
			isa = PBXVariantGroup;
			children = (
				91D4F3F61CAEEEAE0036D0A3 /* Base */,
			);
			name = LaunchScreen.storyboard;
			sourceTree = "<group>";
		};
/* End PBXVariantGroup section */

/* Begin XCBuildConfiguration section */
		91D4F40F1CAEEEAE0036D0A3 /* Debug */ = {
			isa = XCBuildConfiguration;
			buildSettings = {
				ALWAYS_SEARCH_USER_PATHS = NO;
				CLANG_ANALYZER_NONNULL = YES;
				CLANG_CXX_LANGUAGE_STANDARD = "gnu++0x";
				CLANG_CXX_LIBRARY = "libc++";
				CLANG_ENABLE_MODULES = YES;
				CLANG_ENABLE_OBJC_ARC = YES;
				CLANG_WARN_BOOL_CONVERSION = YES;
				CLANG_WARN_CONSTANT_CONVERSION = YES;
				CLANG_WARN_DIRECT_OBJC_ISA_USAGE = YES_ERROR;
				CLANG_WARN_EMPTY_BODY = YES;
				CLANG_WARN_ENUM_CONVERSION = YES;
				CLANG_WARN_INT_CONVERSION = YES;
				CLANG_WARN_OBJC_ROOT_CLASS = YES_ERROR;
				CLANG_WARN_UNREACHABLE_CODE = YES;
				CLANG_WARN__DUPLICATE_METHOD_MATCH = YES;
				"CODE_SIGN_IDENTITY[sdk=iphoneos*]" = "iPhone Developer";
				COPY_PHASE_STRIP = NO;
				DEBUG_INFORMATION_FORMAT = dwarf;
				ENABLE_STRICT_OBJC_MSGSEND = YES;
				ENABLE_TESTABILITY = YES;
				GCC_C_LANGUAGE_STANDARD = gnu99;
				GCC_DYNAMIC_NO_PIC = NO;
				GCC_NO_COMMON_BLOCKS = YES;
				GCC_OPTIMIZATION_LEVEL = 0;
				GCC_PREPROCESSOR_DEFINITIONS = (
					"DEBUG=1",
					"$(inherited)",
				);
				GCC_WARN_64_TO_32_BIT_CONVERSION = YES;
				GCC_WARN_ABOUT_RETURN_TYPE = YES_ERROR;
				GCC_WARN_UNDECLARED_SELECTOR = YES;
				GCC_WARN_UNINITIALIZED_AUTOS = YES_AGGRESSIVE;
				GCC_WARN_UNUSED_FUNCTION = YES;
				GCC_WARN_UNUSED_VARIABLE = YES;
				IPHONEOS_DEPLOYMENT_TARGET = 9.3;
				MTL_ENABLE_DEBUG_INFO = YES;
				ONLY_ACTIVE_ARCH = YES;
				SDKROOT = iphoneos;
				SWIFT_OPTIMIZATION_LEVEL = "-Onone";
				TARGETED_DEVICE_FAMILY = "1,2";
			};
			name = Debug;
		};
		91D4F4101CAEEEAE0036D0A3 /* Release */ = {
			isa = XCBuildConfiguration;
			buildSettings = {
				ALWAYS_SEARCH_USER_PATHS = NO;
				CLANG_ANALYZER_NONNULL = YES;
				CLANG_CXX_LANGUAGE_STANDARD = "gnu++0x";
				CLANG_CXX_LIBRARY = "libc++";
				CLANG_ENABLE_MODULES = YES;
				CLANG_ENABLE_OBJC_ARC = YES;
				CLANG_WARN_BOOL_CONVERSION = YES;
				CLANG_WARN_CONSTANT_CONVERSION = YES;
				CLANG_WARN_DIRECT_OBJC_ISA_USAGE = YES_ERROR;
				CLANG_WARN_EMPTY_BODY = YES;
				CLANG_WARN_ENUM_CONVERSION = YES;
				CLANG_WARN_INT_CONVERSION = YES;
				CLANG_WARN_OBJC_ROOT_CLASS = YES_ERROR;
				CLANG_WARN_UNREACHABLE_CODE = YES;
				CLANG_WARN__DUPLICATE_METHOD_MATCH = YES;
				"CODE_SIGN_IDENTITY[sdk=iphoneos*]" = "iPhone Developer";
				COPY_PHASE_STRIP = NO;
				DEBUG_INFORMATION_FORMAT = "dwarf-with-dsym";
				ENABLE_NS_ASSERTIONS = NO;
				ENABLE_STRICT_OBJC_MSGSEND = YES;
				GCC_C_LANGUAGE_STANDARD = gnu99;
				GCC_NO_COMMON_BLOCKS = YES;
				GCC_WARN_64_TO_32_BIT_CONVERSION = YES;
				GCC_WARN_ABOUT_RETURN_TYPE = YES_ERROR;
				GCC_WARN_UNDECLARED_SELECTOR = YES;
				GCC_WARN_UNINITIALIZED_AUTOS = YES_AGGRESSIVE;
				GCC_WARN_UNUSED_FUNCTION = YES;
				GCC_WARN_UNUSED_VARIABLE = YES;
				IPHONEOS_DEPLOYMENT_TARGET = 9.3;
				MTL_ENABLE_DEBUG_INFO = NO;
				SDKROOT = iphoneos;
				TARGETED_DEVICE_FAMILY = "1,2";
				VALIDATE_PRODUCT = YES;
			};
			name = Release;
		};
		91D4F4121CAEEEAE0036D0A3 /* Debug */ = {
			isa = XCBuildConfiguration;
			buildSettings = {
				ASSETCATALOG_COMPILER_APPICON_NAME = AppIcon;
				CLANG_ENABLE_MODULES = YES;
				INFOPLIST_FILE = CollectionViewDynamicLoadingCells/Info.plist;
				LD_RUNPATH_SEARCH_PATHS = "$(inherited) @executable_path/Frameworks";
				PRODUCT_BUNDLE_IDENTIFIER = com.randomProject.ProtoypeProject.CollectionViewDynamicLoadingCells;
				PRODUCT_NAME = "$(TARGET_NAME)";
				SWIFT_OBJC_BRIDGING_HEADER = "CollectionViewDynamicLoadingCells/CollectionViewDynamicLoadingCells-Bridging-Header.h";
				SWIFT_OPTIMIZATION_LEVEL = "-Onone";
			};
			name = Debug;
		};
		91D4F4131CAEEEAE0036D0A3 /* Release */ = {
			isa = XCBuildConfiguration;
			buildSettings = {
				ASSETCATALOG_COMPILER_APPICON_NAME = AppIcon;
				CLANG_ENABLE_MODULES = YES;
				INFOPLIST_FILE = CollectionViewDynamicLoadingCells/Info.plist;
				LD_RUNPATH_SEARCH_PATHS = "$(inherited) @executable_path/Frameworks";
				PRODUCT_BUNDLE_IDENTIFIER = com.randomProject.ProtoypeProject.CollectionViewDynamicLoadingCells;
				PRODUCT_NAME = "$(TARGET_NAME)";
				SWIFT_OBJC_BRIDGING_HEADER = "CollectionViewDynamicLoadingCells/CollectionViewDynamicLoadingCells-Bridging-Header.h";
			};
			name = Release;
		};
		91D4F4151CAEEEAE0036D0A3 /* Debug */ = {
			isa = XCBuildConfiguration;
			buildSettings = {
				BUNDLE_LOADER = "$(TEST_HOST)";
				INFOPLIST_FILE = CollectionViewDynamicLoadingCellsTests/Info.plist;
				LD_RUNPATH_SEARCH_PATHS = "$(inherited) @executable_path/Frameworks @loader_path/Frameworks";
				PRODUCT_BUNDLE_IDENTIFIER = com.randomProject.ProtoypeProject.CollectionViewDynamicLoadingCellsTests;
				PRODUCT_NAME = "$(TARGET_NAME)";
				TEST_HOST = "$(BUILT_PRODUCTS_DIR)/CollectionViewDynamicLoadingCells.app/CollectionViewDynamicLoadingCells";
			};
			name = Debug;
		};
		91D4F4161CAEEEAE0036D0A3 /* Release */ = {
			isa = XCBuildConfiguration;
			buildSettings = {
				BUNDLE_LOADER = "$(TEST_HOST)";
				INFOPLIST_FILE = CollectionViewDynamicLoadingCellsTests/Info.plist;
				LD_RUNPATH_SEARCH_PATHS = "$(inherited) @executable_path/Frameworks @loader_path/Frameworks";
				PRODUCT_BUNDLE_IDENTIFIER = com.randomProject.ProtoypeProject.CollectionViewDynamicLoadingCellsTests;
				PRODUCT_NAME = "$(TARGET_NAME)";
				TEST_HOST = "$(BUILT_PRODUCTS_DIR)/CollectionViewDynamicLoadingCells.app/CollectionViewDynamicLoadingCells";
			};
			name = Release;
		};
		91D4F4181CAEEEAE0036D0A3 /* Debug */ = {
			isa = XCBuildConfiguration;
			buildSettings = {
				INFOPLIST_FILE = CollectionViewDynamicLoadingCellsUITests/Info.plist;
				LD_RUNPATH_SEARCH_PATHS = "$(inherited) @executable_path/Frameworks @loader_path/Frameworks";
				PRODUCT_BUNDLE_IDENTIFIER = com.randomProject.ProtoypeProject.CollectionViewDynamicLoadingCellsUITests;
				PRODUCT_NAME = "$(TARGET_NAME)";
				TEST_TARGET_NAME = CollectionViewDynamicLoadingCells;
			};
			name = Debug;
		};
		91D4F4191CAEEEAE0036D0A3 /* Release */ = {
			isa = XCBuildConfiguration;
			buildSettings = {
				INFOPLIST_FILE = CollectionViewDynamicLoadingCellsUITests/Info.plist;
				LD_RUNPATH_SEARCH_PATHS = "$(inherited) @executable_path/Frameworks @loader_path/Frameworks";
				PRODUCT_BUNDLE_IDENTIFIER = com.randomProject.ProtoypeProject.CollectionViewDynamicLoadingCellsUITests;
				PRODUCT_NAME = "$(TARGET_NAME)";
				TEST_TARGET_NAME = CollectionViewDynamicLoadingCells;
			};
			name = Release;
		};
/* End XCBuildConfiguration section */

/* Begin XCConfigurationList section */
		91D4F3E41CAEEEAE0036D0A3 /* Build configuration list for PBXProject "CollectionViewDynamicLoadingCells" */ = {
			isa = XCConfigurationList;
			buildConfigurations = (
				91D4F40F1CAEEEAE0036D0A3 /* Debug */,
				91D4F4101CAEEEAE0036D0A3 /* Release */,
			);
			defaultConfigurationIsVisible = 0;
			defaultConfigurationName = Release;
		};
		91D4F4111CAEEEAE0036D0A3 /* Build configuration list for PBXNativeTarget "CollectionViewDynamicLoadingCells" */ = {
			isa = XCConfigurationList;
			buildConfigurations = (
				91D4F4121CAEEEAE0036D0A3 /* Debug */,
				91D4F4131CAEEEAE0036D0A3 /* Release */,
			);
			defaultConfigurationIsVisible = 0;
			defaultConfigurationName = Release;
		};
		91D4F4141CAEEEAE0036D0A3 /* Build configuration list for PBXNativeTarget "CollectionViewDynamicLoadingCellsTests" */ = {
			isa = XCConfigurationList;
			buildConfigurations = (
				91D4F4151CAEEEAE0036D0A3 /* Debug */,
				91D4F4161CAEEEAE0036D0A3 /* Release */,
			);
			defaultConfigurationIsVisible = 0;
			defaultConfigurationName = Release;
		};
		91D4F4171CAEEEAE0036D0A3 /* Build configuration list for PBXNativeTarget "CollectionViewDynamicLoadingCellsUITests" */ = {
			isa = XCConfigurationList;
			buildConfigurations = (
				91D4F4181CAEEEAE0036D0A3 /* Debug */,
				91D4F4191CAEEEAE0036D0A3 /* Release */,
			);
			defaultConfigurationIsVisible = 0;
			defaultConfigurationName = Release;
		};
/* End XCConfigurationList section */
	};
	rootObject = 91D4F3E11CAEEEAE0036D0A3 /* Project object */;
}
